
Microsoft Visual Studio Solution File, Format Version 12.00
# Visual Studio Version 17
VisualStudioVersion = 17.5.33530.505
MinimumVisualStudioVersion = 10.0.40219.1
Project("{FAE04EC0-301F-11D3-BF4B-00C04F79EFBC}") = "Bludata_Challenges", "Bludata_Challenges\Bludata_Challenges.csproj", "{1292DC89-6B0B-4F36-B948-019F6CA9A68A}"
EndProject
Global
	GlobalSection(SolutionConfigurationPlatforms) = preSolution
		Debug|Any CPU = Debug|Any CPU
		Release|Any CPU = Release|Any CPU
	EndGlobalSection
	GlobalSection(ProjectConfigurationPlatforms) = postSolution
		{1292DC89-6B0B-4F36-B948-019F6CA9A68A}.Debug|Any CPU.ActiveCfg = Debug|Any CPU
		{1292DC89-6B0B-4F36-B948-019F6CA9A68A}.Debug|Any CPU.Build.0 = Debug|Any CPU
		{1292DC89-6B0B-4F36-B948-019F6CA9A68A}.Release|Any CPU.ActiveCfg = Release|Any CPU
		{1292DC89-6B0B-4F36-B948-019F6CA9A68A}.Release|Any CPU.Build.0 = Release|Any CPU
	EndGlobalSection
	GlobalSection(SolutionProperties) = preSolution
		HideSolutionNode = FALSE
	EndGlobalSection
	GlobalSection(ExtensibilityGlobals) = postSolution
		SolutionGuid = {D8F6CF4D-0F69-477A-B164-63948ED6E2F3}
	EndGlobalSection
EndGlobal
